
Microsoft Visual Studio Solution File, Format Version 12.00
# Visual Studio Version 17
VisualStudioVersion = 17.5.33530.505
MinimumVisualStudioVersion = 10.0.40219.1
Project("{FAE04EC0-301F-11D3-BF4B-00C04F79EFBC}") = "CursoPoo", "CursoPoo\CursoPoo.csproj", "{2E8166E0-1CC7-4044-8512-D9C6B99A298B}"
EndProject
Global
	GlobalSection(SolutionConfigurationPlatforms) = preSolution
		Debug|Any CPU = Debug|Any CPU
		Release|Any CPU = Release|Any CPU
	EndGlobalSection
	GlobalSection(ProjectConfigurationPlatforms) = postSolution
		{2E8166E0-1CC7-4044-8512-D9C6B99A298B}.Debug|Any CPU.ActiveCfg = Debug|Any CPU
		{2E8166E0-1CC7-4044-8512-D9C6B99A298B}.Debug|Any CPU.Build.0 = Debug|Any CPU
		{2E8166E0-1CC7-4044-8512-D9C6B99A298B}.Release|Any CPU.ActiveCfg = Release|Any CPU
		{2E8166E0-1CC7-4044-8512-D9C6B99A298B}.Release|Any CPU.Build.0 = Release|Any CPU
	EndGlobalSection
	GlobalSection(SolutionProperties) = preSolution
		HideSolutionNode = FALSE
	EndGlobalSection
	GlobalSection(ExtensibilityGlobals) = postSolution
		SolutionGuid = {79A116E8-04CB-4BA7-9243-2527875A465C}
	EndGlobalSection
EndGlobal
